
Microsoft Visual Studio Solution File, Format Version 12.00
# Visual Studio 15
VisualStudioVersion = 15.0.26430.6
MinimumVisualStudioVersion = 10.0.40219.1
Project("{2150E333-8FDC-42A3-9474-1A3956D46DE8}") = "2. CSharpQuestions", "2. CSharpQuestions", "{24D7E36F-1C3A-4597-83EE-EE81A0A710CA}"
EndProject
Project("{2150E333-8FDC-42A3-9474-1A3956D46DE8}") = "3. Object oriented questions", "3. Object oriented questions", "{E043711B-0E64-48B0-9CB8-114F5BA5B758}"
EndProject
Project("{2150E333-8FDC-42A3-9474-1A3956D46DE8}") = "02_01", "02_01", "{69D65A92-D26A-41E9-BC59-7CE018EDFB98}"
EndProject
Project("{2150E333-8FDC-42A3-9474-1A3956D46DE8}") = "02_02", "02_02", "{EFB76B95-7AF2-40F2-9CFC-73BB42A8878C}"
EndProject
Project("{2150E333-8FDC-42A3-9474-1A3956D46DE8}") = "02_03", "02_03", "{3FE957D6-98A9-4CB5-B685-78E1EBF18632}"
EndProject
Project("{2150E333-8FDC-42A3-9474-1A3956D46DE8}") = "02_04", "02_04", "{1CF8D275-BB2C-4973-B798-373CF515DB4C}"
EndProject
Project("{2150E333-8FDC-42A3-9474-1A3956D46DE8}") = "02_05", "02_05", "{F2540CB4-D290-4BC6-98A4-178EB326037A}"
EndProject
Project("{2150E333-8FDC-42A3-9474-1A3956D46DE8}") = "03_01", "03_01", "{B68B5CBC-E65C-4F9F-8B94-DE68FB898ACF}"
EndProject
Project("{2150E333-8FDC-42A3-9474-1A3956D46DE8}") = "Begin", "Begin", "{E325631B-710E-4255-80DF-B32A1490B36F}"
EndProject
Project("{2150E333-8FDC-42A3-9474-1A3956D46DE8}") = "Begin", "Begin", "{E959BD9E-AC31-4D5C-8A79-A342EEE5D96B}"
EndProject
Project("{2150E333-8FDC-42A3-9474-1A3956D46DE8}") = "Begin", "Begin", "{D6FE142C-7722-4065-A018-3017B9663F2F}"
EndProject
Project("{2150E333-8FDC-42A3-9474-1A3956D46DE8}") = "Begin", "Begin", "{D30A0B21-2D89-45D6-90A1-E05B3A80C465}"
EndProject
Project("{2150E333-8FDC-42A3-9474-1A3956D46DE8}") = "Begin", "Begin", "{2A26689B-1471-448C-B782-5958C7F48EB3}"
EndProject
Project("{2150E333-8FDC-42A3-9474-1A3956D46DE8}") = "Begin", "Begin", "{32623CA9-D715-463A-945D-14AB3D10CA9F}"
EndProject
Project("{2150E333-8FDC-42A3-9474-1A3956D46DE8}") = "End", "End", "{A3D6950F-8A80-4AE9-B633-1C59A8D8C874}"
EndProject
Project("{2150E333-8FDC-42A3-9474-1A3956D46DE8}") = "End", "End", "{7A6C16DB-A2A2-42CE-BCFD-7AB70E42801B}"
EndProject
Project("{2150E333-8FDC-42A3-9474-1A3956D46DE8}") = "End", "End", "{9014A0C9-A7D6-4F3A-B52E-1DB1662BE786}"
EndProject
Project("{2150E333-8FDC-42A3-9474-1A3956D46DE8}") = "End", "End", "{F77EB593-818A-4AE9-964A-2C3FFEAD7458}"
EndProject
Project("{2150E333-8FDC-42A3-9474-1A3956D46DE8}") = "End", "End", "{177A845C-C495-4496-95ED-D008D4472266}"
EndProject
Project("{2150E333-8FDC-42A3-9474-1A3956D46DE8}") = "End", "End", "{36E2BEDC-1E04-4CB5-9D21-25AA8245672B}"
EndProject
Project("{FAE04EC0-301F-11D3-BF4B-00C04F79EFBC}") = "CSharpDemo", "Ch02\02_01\End\CSharpQ\CSharpDemo.csproj", "{9947FE64-D52F-497F-8BB1-19B03DA7052C}"
EndProject
Project("{FAE04EC0-301F-11D3-BF4B-00C04F79EFBC}") = "InterfaceDemo", "Ch02\02_02\End\Interface\InterfaceDemo.csproj", "{29A3A7D5-E4D6-4893-B248-3C077B3CAA9A}"
EndProject
Project("{FAE04EC0-301F-11D3-BF4B-00C04F79EFBC}") = "GenericsDemo", "Ch02\02_05\End\GenericsDemo\GenericsDemo.csproj", "{E941B9E6-6167-47E2-BFA7-5B5CE126946B}"
EndProject
Project("{FAE04EC0-301F-11D3-BF4B-00C04F79EFBC}") = "PolymorphismDemo", "Ch03\03_01\End\PolymorphismDemo\PolymorphismDemo.csproj", "{5F222087-0A6C-4F56-974B-61AABE92368D}"
EndProject
Project("{FAE04EC0-301F-11D3-BF4B-00C04F79EFBC}") = "PolymorphismDemo", "Ch03\03_01\Begin\PolymorphismDemo\PolymorphismDemo.csproj", "{7E459E79-20AF-45CF-A2ED-4275666AB453}"
EndProject
Project("{FAE04EC0-301F-11D3-BF4B-00C04F79EFBC}") = "AbstractDemo", "Ch02\02_03\End\AbstractDemo\AbstractDemo.csproj", "{D578C42C-1578-40DF-9DE7-71C518CC68B6}"
EndProject
Project("{FAE04EC0-301F-11D3-BF4B-00C04F79EFBC}") = "CSharpDemo", "Ch02\02_01\Begin\CSharpDemo\CSharpDemo.csproj", "{AEBFC3BB-D569-4F91-B01F-D6214484571F}"
EndProject
Project("{FAE04EC0-301F-11D3-BF4B-00C04F79EFBC}") = "StaticDemo", "Ch02\02_04\End\StaticDemo\StaticDemo.csproj", "{95A11B0F-6423-4226-9D34-6609D21782C2}"
EndProject
Project("{FAE04EC0-301F-11D3-BF4B-00C04F79EFBC}") = "InterfaceDemo", "Ch02\02_02\Begin\InterfaceDemo\InterfaceDemo.csproj", "{8B5A390A-49CF-4571-97B7-7D5A29EB6DBD}"
EndProject
Project("{FAE04EC0-301F-11D3-BF4B-00C04F79EFBC}") = "AbstractDemo", "Ch02\02_03\Begin\AbstractDemo\AbstractDemo.csproj", "{6B4BCE02-61F6-4B7B-AD46-6C7F4C71BFBF}"
EndProject
Project("{FAE04EC0-301F-11D3-BF4B-00C04F79EFBC}") = "StaticDemo", "Ch02\02_04\Begin\StaticDemo\StaticDemo.csproj", "{CAF59EDF-19F0-464B-A0C5-23C6C87D0D08}"
EndProject
Project("{FAE04EC0-301F-11D3-BF4B-00C04F79EFBC}") = "GenericsDemo", "Ch02\02_05\Begin\GenericsDemo\GenericsDemo.csproj", "{A447B68E-2F88-4D80-B02C-0397B282F033}"
EndProject
Project("{2150E333-8FDC-42A3-9474-1A3956D46DE8}") = "03_02", "03_02", "{FBF4E1F8-489B-4017-AACE-FCA8459BEF4A}"
EndProject
Project("{2150E333-8FDC-42A3-9474-1A3956D46DE8}") = "03_03", "03_03", "{A0191BDB-A64C-4DF6-9C6D-096A81103761}"
EndProject
Project("{2150E333-8FDC-42A3-9474-1A3956D46DE8}") = "End", "End", "{69A57ABC-3E73-46F2-A585-CBF9C4A88211}"
EndProject
Project("{2150E333-8FDC-42A3-9474-1A3956D46DE8}") = "End", "End", "{189DE7A0-432C-43D4-A3AF-8080E3AACFD5}"
EndProject
Project("{FAE04EC0-301F-11D3-BF4B-00C04F79EFBC}") = "PolymorphismDemo", "Ch03\03_02\End\PolymorphismDemo\PolymorphismDemo.csproj", "{032BD38A-4513-4ADF-A722-493EBA00100D}"
EndProject
Project("{FAE04EC0-301F-11D3-BF4B-00C04F79EFBC}") = "PolymorphismDemo", "Ch03\03_03\End\PolymorphismDemo\PolymorphismDemo.csproj", "{FF162277-A6C1-40FA-B8DF-E9768FCEA78F}"
EndProject
Global
	GlobalSection(SolutionConfigurationPlatforms) = preSolution
		Debug|Any CPU = Debug|Any CPU
		Release|Any CPU = Release|Any CPU
	EndGlobalSection
	GlobalSection(ProjectConfigurationPlatforms) = postSolution
		{9947FE64-D52F-497F-8BB1-19B03DA7052C}.Debug|Any CPU.ActiveCfg = Debug|Any CPU
		{9947FE64-D52F-497F-8BB1-19B03DA7052C}.Debug|Any CPU.Build.0 = Debug|Any CPU
		{9947FE64-D52F-497F-8BB1-19B03DA7052C}.Release|Any CPU.ActiveCfg = Release|Any CPU
		{9947FE64-D52F-497F-8BB1-19B03DA7052C}.Release|Any CPU.Build.0 = Release|Any CPU
		{29A3A7D5-E4D6-4893-B248-3C077B3CAA9A}.Debug|Any CPU.ActiveCfg = Debug|Any CPU
		{29A3A7D5-E4D6-4893-B248-3C077B3CAA9A}.Debug|Any CPU.Build.0 = Debug|Any CPU
		{29A3A7D5-E4D6-4893-B248-3C077B3CAA9A}.Release|Any CPU.ActiveCfg = Release|Any CPU
		{29A3A7D5-E4D6-4893-B248-3C077B3CAA9A}.Release|Any CPU.Build.0 = Release|Any CPU
		{E941B9E6-6167-47E2-BFA7-5B5CE126946B}.Debug|Any CPU.ActiveCfg = Debug|Any CPU
		{E941B9E6-6167-47E2-BFA7-5B5CE126946B}.Debug|Any CPU.Build.0 = Debug|Any CPU
		{E941B9E6-6167-47E2-BFA7-5B5CE126946B}.Release|Any CPU.ActiveCfg = Release|Any CPU
		{E941B9E6-6167-47E2-BFA7-5B5CE126946B}.Release|Any CPU.Build.0 = Release|Any CPU
		{5F222087-0A6C-4F56-974B-61AABE92368D}.Debug|Any CPU.ActiveCfg = Debug|Any CPU
		{5F222087-0A6C-4F56-974B-61AABE92368D}.Debug|Any CPU.Build.0 = Debug|Any CPU
		{5F222087-0A6C-4F56-974B-61AABE92368D}.Release|Any CPU.ActiveCfg = Release|Any CPU
		{5F222087-0A6C-4F56-974B-61AABE92368D}.Release|Any CPU.Build.0 = Release|Any CPU
		{7E459E79-20AF-45CF-A2ED-4275666AB453}.Debug|Any CPU.ActiveCfg = Debug|Any CPU
		{7E459E79-20AF-45CF-A2ED-4275666AB453}.Debug|Any CPU.Build.0 = Debug|Any CPU
		{7E459E79-20AF-45CF-A2ED-4275666AB453}.Release|Any CPU.ActiveCfg = Release|Any CPU
		{7E459E79-20AF-45CF-A2ED-4275666AB453}.Release|Any CPU.Build.0 = Release|Any CPU
		{D578C42C-1578-40DF-9DE7-71C518CC68B6}.Debug|Any CPU.ActiveCfg = Debug|Any CPU
		{D578C42C-1578-40DF-9DE7-71C518CC68B6}.Debug|Any CPU.Build.0 = Debug|Any CPU
		{D578C42C-1578-40DF-9DE7-71C518CC68B6}.Release|Any CPU.ActiveCfg = Release|Any CPU
		{D578C42C-1578-40DF-9DE7-71C518CC68B6}.Release|Any CPU.Build.0 = Release|Any CPU
		{AEBFC3BB-D569-4F91-B01F-D6214484571F}.Debug|Any CPU.ActiveCfg = Debug|Any CPU
		{AEBFC3BB-D569-4F91-B01F-D6214484571F}.Debug|Any CPU.Build.0 = Debug|Any CPU
		{AEBFC3BB-D569-4F91-B01F-D6214484571F}.Release|Any CPU.ActiveCfg = Release|Any CPU
		{AEBFC3BB-D569-4F91-B01F-D6214484571F}.Release|Any CPU.Build.0 = Release|Any CPU
		{95A11B0F-6423-4226-9D34-6609D21782C2}.Debug|Any CPU.ActiveCfg = Debug|Any CPU
		{95A11B0F-6423-4226-9D34-6609D21782C2}.Debug|Any CPU.Build.0 = Debug|Any CPU
		{95A11B0F-6423-4226-9D34-6609D21782C2}.Release|Any CPU.ActiveCfg = Release|Any CPU
		{95A11B0F-6423-4226-9D34-6609D21782C2}.Release|Any CPU.Build.0 = Release|Any CPU
		{8B5A390A-49CF-4571-97B7-7D5A29EB6DBD}.Debug|Any CPU.ActiveCfg = Debug|Any CPU
		{8B5A390A-49CF-4571-97B7-7D5A29EB6DBD}.Debug|Any CPU.Build.0 = Debug|Any CPU
		{8B5A390A-49CF-4571-97B7-7D5A29EB6DBD}.Release|Any CPU.ActiveCfg = Release|Any CPU
		{8B5A390A-49CF-4571-97B7-7D5A29EB6DBD}.Release|Any CPU.Build.0 = Release|Any CPU
		{6B4BCE02-61F6-4B7B-AD46-6C7F4C71BFBF}.Debug|Any CPU.ActiveCfg = Debug|Any CPU
		{6B4BCE02-61F6-4B7B-AD46-6C7F4C71BFBF}.Debug|Any CPU.Build.0 = Debug|Any CPU
		{6B4BCE02-61F6-4B7B-AD46-6C7F4C71BFBF}.Release|Any CPU.ActiveCfg = Release|Any CPU
		{6B4BCE02-61F6-4B7B-AD46-6C7F4C71BFBF}.Release|Any CPU.Build.0 = Release|Any CPU
		{CAF59EDF-19F0-464B-A0C5-23C6C87D0D08}.Debug|Any CPU.ActiveCfg = Debug|Any CPU
		{CAF59EDF-19F0-464B-A0C5-23C6C87D0D08}.Debug|Any CPU.Build.0 = Debug|Any CPU
		{CAF59EDF-19F0-464B-A0C5-23C6C87D0D08}.Release|Any CPU.ActiveCfg = Release|Any CPU
		{CAF59EDF-19F0-464B-A0C5-23C6C87D0D08}.Release|Any CPU.Build.0 = Release|Any CPU
		{A447B68E-2F88-4D80-B02C-0397B282F033}.Debug|Any CPU.ActiveCfg = Debug|Any CPU
		{A447B68E-2F88-4D80-B02C-0397B282F033}.Debug|Any CPU.Build.0 = Debug|Any CPU
		{A447B68E-2F88-4D80-B02C-0397B282F033}.Release|Any CPU.ActiveCfg = Release|Any CPU
		{A447B68E-2F88-4D80-B02C-0397B282F033}.Release|Any CPU.Build.0 = Release|Any CPU
		{032BD38A-4513-4ADF-A722-493EBA00100D}.Debug|Any CPU.ActiveCfg = Debug|Any CPU
		{032BD38A-4513-4ADF-A722-493EBA00100D}.Debug|Any CPU.Build.0 = Debug|Any CPU
		{032BD38A-4513-4ADF-A722-493EBA00100D}.Release|Any CPU.ActiveCfg = Release|Any CPU
		{032BD38A-4513-4ADF-A722-493EBA00100D}.Release|Any CPU.Build.0 = Release|Any CPU
		{FF162277-A6C1-40FA-B8DF-E9768FCEA78F}.Debug|Any CPU.ActiveCfg = Debug|Any CPU
		{FF162277-A6C1-40FA-B8DF-E9768FCEA78F}.Debug|Any CPU.Build.0 = Debug|Any CPU
		{FF162277-A6C1-40FA-B8DF-E9768FCEA78F}.Release|Any CPU.ActiveCfg = Release|Any CPU
		{FF162277-A6C1-40FA-B8DF-E9768FCEA78F}.Release|Any CPU.Build.0 = Release|Any CPU
	EndGlobalSection
	GlobalSection(SolutionProperties) = preSolution
		HideSolutionNode = FALSE
	EndGlobalSection
	GlobalSection(NestedProjects) = preSolution
		{69D65A92-D26A-41E9-BC59-7CE018EDFB98} = {24D7E36F-1C3A-4597-83EE-EE81A0A710CA}
		{EFB76B95-7AF2-40F2-9CFC-73BB42A8878C} = {24D7E36F-1C3A-4597-83EE-EE81A0A710CA}
		{3FE957D6-98A9-4CB5-B685-78E1EBF18632} = {24D7E36F-1C3A-4597-83EE-EE81A0A710CA}
		{1CF8D275-BB2C-4973-B798-373CF515DB4C} = {24D7E36F-1C3A-4597-83EE-EE81A0A710CA}
		{F2540CB4-D290-4BC6-98A4-178EB326037A} = {24D7E36F-1C3A-4597-83EE-EE81A0A710CA}
		{B68B5CBC-E65C-4F9F-8B94-DE68FB898ACF} = {E043711B-0E64-48B0-9CB8-114F5BA5B758}
		{E325631B-710E-4255-80DF-B32A1490B36F} = {69D65A92-D26A-41E9-BC59-7CE018EDFB98}
		{E959BD9E-AC31-4D5C-8A79-A342EEE5D96B} = {EFB76B95-7AF2-40F2-9CFC-73BB42A8878C}
		{D6FE142C-7722-4065-A018-3017B9663F2F} = {3FE957D6-98A9-4CB5-B685-78E1EBF18632}
		{D30A0B21-2D89-45D6-90A1-E05B3A80C465} = {1CF8D275-BB2C-4973-B798-373CF515DB4C}
		{2A26689B-1471-448C-B782-5958C7F48EB3} = {F2540CB4-D290-4BC6-98A4-178EB326037A}
		{32623CA9-D715-463A-945D-14AB3D10CA9F} = {B68B5CBC-E65C-4F9F-8B94-DE68FB898ACF}
		{A3D6950F-8A80-4AE9-B633-1C59A8D8C874} = {B68B5CBC-E65C-4F9F-8B94-DE68FB898ACF}
		{7A6C16DB-A2A2-42CE-BCFD-7AB70E42801B} = {F2540CB4-D290-4BC6-98A4-178EB326037A}
		{9014A0C9-A7D6-4F3A-B52E-1DB1662BE786} = {1CF8D275-BB2C-4973-B798-373CF515DB4C}
		{F77EB593-818A-4AE9-964A-2C3FFEAD7458} = {3FE957D6-98A9-4CB5-B685-78E1EBF18632}
		{177A845C-C495-4496-95ED-D008D4472266} = {EFB76B95-7AF2-40F2-9CFC-73BB42A8878C}
		{36E2BEDC-1E04-4CB5-9D21-25AA8245672B} = {69D65A92-D26A-41E9-BC59-7CE018EDFB98}
		{9947FE64-D52F-497F-8BB1-19B03DA7052C} = {36E2BEDC-1E04-4CB5-9D21-25AA8245672B}
		{29A3A7D5-E4D6-4893-B248-3C077B3CAA9A} = {177A845C-C495-4496-95ED-D008D4472266}
		{E941B9E6-6167-47E2-BFA7-5B5CE126946B} = {7A6C16DB-A2A2-42CE-BCFD-7AB70E42801B}
		{5F222087-0A6C-4F56-974B-61AABE92368D} = {A3D6950F-8A80-4AE9-B633-1C59A8D8C874}
		{7E459E79-20AF-45CF-A2ED-4275666AB453} = {32623CA9-D715-463A-945D-14AB3D10CA9F}
		{D578C42C-1578-40DF-9DE7-71C518CC68B6} = {F77EB593-818A-4AE9-964A-2C3FFEAD7458}
		{AEBFC3BB-D569-4F91-B01F-D6214484571F} = {E325631B-710E-4255-80DF-B32A1490B36F}
		{95A11B0F-6423-4226-9D34-6609D21782C2} = {9014A0C9-A7D6-4F3A-B52E-1DB1662BE786}
		{8B5A390A-49CF-4571-97B7-7D5A29EB6DBD} = {E959BD9E-AC31-4D5C-8A79-A342EEE5D96B}
		{6B4BCE02-61F6-4B7B-AD46-6C7F4C71BFBF} = {D6FE142C-7722-4065-A018-3017B9663F2F}
		{CAF59EDF-19F0-464B-A0C5-23C6C87D0D08} = {D30A0B21-2D89-45D6-90A1-E05B3A80C465}
		{A447B68E-2F88-4D80-B02C-0397B282F033} = {2A26689B-1471-448C-B782-5958C7F48EB3}
		{FBF4E1F8-489B-4017-AACE-FCA8459BEF4A} = {E043711B-0E64-48B0-9CB8-114F5BA5B758}
		{A0191BDB-A64C-4DF6-9C6D-096A81103761} = {E043711B-0E64-48B0-9CB8-114F5BA5B758}
		{69A57ABC-3E73-46F2-A585-CBF9C4A88211} = {FBF4E1F8-489B-4017-AACE-FCA8459BEF4A}
		{189DE7A0-432C-43D4-A3AF-8080E3AACFD5} = {A0191BDB-A64C-4DF6-9C6D-096A81103761}
		{032BD38A-4513-4ADF-A722-493EBA00100D} = {69A57ABC-3E73-46F2-A585-CBF9C4A88211}
		{FF162277-A6C1-40FA-B8DF-E9768FCEA78F} = {189DE7A0-432C-43D4-A3AF-8080E3AACFD5}
	EndGlobalSection
EndGlobal
